
Microsoft Visual Studio Solution File, Format Version 11.00
# Visual Studio 2010
Project("{FAE04EC0-301F-11D3-BF4B-00C04F79EFBC}") = "UnityEngine.UI", "UnityEngine.UI.csproj", "{9e751e6f-ce2b-b074-0c3d-aafb9dc254a8}"
EndProject
Project("{FAE04EC0-301F-11D3-BF4B-00C04F79EFBC}") = "UnityEngine.TestRunner", "UnityEngine.TestRunner.csproj", "{a37e10e4-8b06-e6d6-1cd8-ed535c42ef0e}"
EndProject
Project("{FAE04EC0-301F-11D3-BF4B-00C04F79EFBC}") = "Unity.Mathematics", "Unity.Mathematics.csproj", "{0de6914c-8d15-4ba2-abac-b9fa58ba5a19}"
EndProject
Project("{FAE04EC0-301F-11D3-BF4B-00C04F79EFBC}") = "Unity.VisualScripting.State", "Unity.VisualScripting.State.csproj", "{ab501750-fb87-e16b-4a05-eaae66cfc011}"
EndProject
Project("{FAE04EC0-301F-11D3-BF4B-00C04F79EFBC}") = "Unity.VisualScripting.Core", "Unity.VisualScripting.Core.csproj", "{dc7a5cac-6975-c038-72b9-e7249f67deab}"
EndProject
Project("{FAE04EC0-301F-11D3-BF4B-00C04F79EFBC}") = "Unity.VisualScripting.Flow", "Unity.VisualScripting.Flow.csproj", "{c23a5d44-7dcf-51d8-dca9-a5aceef1f30f}"
EndProject
Project("{FAE04EC0-301F-11D3-BF4B-00C04F79EFBC}") = "Unity.2D.Animation.Runtime", "Unity.2D.Animation.Runtime.csproj", "{0318343c-e958-086d-572f-47e6160d0b01}"
EndProject
Project("{FAE04EC0-301F-11D3-BF4B-00C04F79EFBC}") = "Unity.TextMeshPro", "Unity.TextMeshPro.csproj", "{6592c75d-c775-462b-8fd0-ae2671d57df9}"
EndProject
Project("{FAE04EC0-301F-11D3-BF4B-00C04F79EFBC}") = "Unity.Timeline", "Unity.Timeline.csproj", "{35f57ddf-e2a4-fb67-cbbd-6c5eee357461}"
EndProject
Project("{FAE04EC0-301F-11D3-BF4B-00C04F79EFBC}") = "Unity.2D.SpriteShape.Runtime", "Unity.2D.SpriteShape.Runtime.csproj", "{5a5c9bcb-5c19-7466-32bf-86b0d6207104}"
EndProject
Project("{FAE04EC0-301F-11D3-BF4B-00C04F79EFBC}") = "Unity.2D.Animation.Triangle.Runtime", "Unity.2D.Animation.Triangle.Runtime.csproj", "{59d8c26c-6235-db15-1bf1-affe82db6d70}"
EndProject
Project("{FAE04EC0-301F-11D3-BF4B-00C04F79EFBC}") = "Assembly-CSharp", "Assembly-CSharp.csproj", "{4e8b9fde-effb-5028-502a-0f52f9417470}"
EndProject
Project("{FAE04EC0-301F-11D3-BF4B-00C04F79EFBC}") = "Unity.2D.PixelPerfect", "Unity.2D.PixelPerfect.csproj", "{bf705892-f4b0-9264-4a1e-650ee1211d86}"
EndProject
Project("{FAE04EC0-301F-11D3-BF4B-00C04F79EFBC}") = "Unity.2D.IK.Runtime", "Unity.2D.IK.Runtime.csproj", "{b6f00cb2-b414-5184-c9f8-94bc07a43045}"
EndProject
Project("{FAE04EC0-301F-11D3-BF4B-00C04F79EFBC}") = "Unity.2D.Tilemap.Extras", "Unity.2D.Tilemap.Extras.csproj", "{aedc5a20-8c0a-6e4b-8b3e-c73aba8249cc}"
EndProject
Project("{FAE04EC0-301F-11D3-BF4B-00C04F79EFBC}") = "Assembly-CSharp-firstpass", "Assembly-CSharp-firstpass.csproj", "{a08e3f08-98d4-52ae-b217-048f6a35909f}"
EndProject
Project("{FAE04EC0-301F-11D3-BF4B-00C04F79EFBC}") = "Unity.2D.Common.Runtime", "Unity.2D.Common.Runtime.csproj", "{814068c1-b6bd-7c84-8faf-db839885a87b}"
EndProject
Project("{FAE04EC0-301F-11D3-BF4B-00C04F79EFBC}") = "Unity.InternalAPIEngineBridge.001", "Unity.InternalAPIEngineBridge.001.csproj", "{5e0899cb-dbea-2bce-b160-155912fd61fd}"
EndProject
Project("{FAE04EC0-301F-11D3-BF4B-00C04F79EFBC}") = "Unity.PlasticSCM.Editor", "Unity.PlasticSCM.Editor.csproj", "{b2e25055-ff7d-2c3c-3429-c6d639ef11af}"
EndProject
Project("{FAE04EC0-301F-11D3-BF4B-00C04F79EFBC}") = "Unity.VisualScripting.Core.Editor", "Unity.VisualScripting.Core.Editor.csproj", "{7775080b-44f7-8a67-c24d-49d1c808f05d}"
EndProject
Project("{FAE04EC0-301F-11D3-BF4B-00C04F79EFBC}") = "Unity.VisualStudio.Editor", "Unity.VisualStudio.Editor.csproj", "{203a94e9-2830-d0a4-585b-2660a054d1dc}"
EndProject
Project("{FAE04EC0-301F-11D3-BF4B-00C04F79EFBC}") = "Unity.Timeline.Editor", "Unity.Timeline.Editor.csproj", "{da204a47-66ad-5fd1-a72f-0143eec22f9a}"
EndProject
Project("{FAE04EC0-301F-11D3-BF4B-00C04F79EFBC}") = "Unity.VisualScripting.State.Editor", "Unity.VisualScripting.State.Editor.csproj", "{33c865b7-fd9f-5fbc-7b35-ab24e9d2c7d1}"
EndProject
Project("{FAE04EC0-301F-11D3-BF4B-00C04F79EFBC}") = "Unity.TextMeshPro.Editor", "Unity.TextMeshPro.Editor.csproj", "{7c104191-b27b-cc4c-461f-838ad0d5a69e}"
EndProject
Project("{FAE04EC0-301F-11D3-BF4B-00C04F79EFBC}") = "Unity.2D.Animation.Editor", "Unity.2D.Animation.Editor.csproj", "{848db17f-4941-2c17-a3d6-c6f492aa3897}"
EndProject
Project("{FAE04EC0-301F-11D3-BF4B-00C04F79EFBC}") = "VSSettingsProvider", "VSSettingsProvider.csproj", "{cd04d827-a15a-342e-5f17-a54843f11ac3}"
EndProject
Project("{FAE04EC0-301F-11D3-BF4B-00C04F79EFBC}") = "Unity.CollabProxy.Editor", "Unity.CollabProxy.Editor.csproj", "{a8f73f42-ad59-7e04-b022-d0058ae516e9}"
EndProject
Project("{FAE04EC0-301F-11D3-BF4B-00C04F79EFBC}") = "UnityEditor.TestRunner", "UnityEditor.TestRunner.csproj", "{02a1177d-2a21-a795-5246-3940e14594f0}"
EndProject
Project("{FAE04EC0-301F-11D3-BF4B-00C04F79EFBC}") = "Unity.VisualScripting.Flow.Editor", "Unity.VisualScripting.Flow.Editor.csproj", "{4c50b670-93e0-f419-468a-1e945cb05e82}"
EndProject
Project("{FAE04EC0-301F-11D3-BF4B-00C04F79EFBC}") = "Unity.Rider.Editor", "Unity.Rider.Editor.csproj", "{4a80d672-984f-6a8d-939a-7a49ed2c2729}"
EndProject
Project("{FAE04EC0-301F-11D3-BF4B-00C04F79EFBC}") = "Unity.2D.Path.Editor", "Unity.2D.Path.Editor.csproj", "{8e9a519f-383f-8441-651b-04b994ebe1a1}"
EndProject
Project("{FAE04EC0-301F-11D3-BF4B-00C04F79EFBC}") = "PsdPlugin", "PsdPlugin.csproj", "{763aa649-4f56-1687-875f-e006ebca1234}"
EndProject
Project("{FAE04EC0-301F-11D3-BF4B-00C04F79EFBC}") = "Unity.2D.IK.Editor", "Unity.2D.IK.Editor.csproj", "{92558eeb-06ab-24fd-1e0e-2fac114acbf2}"
EndProject
Project("{FAE04EC0-301F-11D3-BF4B-00C04F79EFBC}") = "Unity.2D.Psdimporter.Editor", "Unity.2D.Psdimporter.Editor.csproj", "{3b91b5b3-f7af-3ee1-ed65-9d57a2021ea3}"
EndProject
Project("{FAE04EC0-301F-11D3-BF4B-00C04F79EFBC}") = "Unity.2D.SpriteShape.Editor", "Unity.2D.SpriteShape.Editor.csproj", "{6b710dd9-409a-afbf-baaf-41719d48b735}"
EndProject
Project("{FAE04EC0-301F-11D3-BF4B-00C04F79EFBC}") = "Unity.2D.Tilemap.Editor", "Unity.2D.Tilemap.Editor.csproj", "{ebaf6b4b-d71f-2540-2d78-6ca6a3cc9a3c}"
EndProject
Project("{FAE04EC0-301F-11D3-BF4B-00C04F79EFBC}") = "Unity.2D.PixelPerfect.Editor", "Unity.2D.PixelPerfect.Editor.csproj", "{5d5430e6-5fe0-c751-23d6-ae1d7e1ecd58}"
EndProject
Project("{FAE04EC0-301F-11D3-BF4B-00C04F79EFBC}") = "Unity.VSCode.Editor", "Unity.VSCode.Editor.csproj", "{1c6b81e0-fec1-f52e-3149-6b4c2bbae28a}"
EndProject
Project("{FAE04EC0-301F-11D3-BF4B-00C04F79EFBC}") = "Unity.2D.Sprite.Editor", "Unity.2D.Sprite.Editor.csproj", "{fe87bda9-d4ea-f115-f423-c3a2d998dd4b}"
EndProject
Project("{FAE04EC0-301F-11D3-BF4B-00C04F79EFBC}") = "UnityEditor.UI", "UnityEditor.UI.csproj", "{9647610a-df24-8f05-1b9a-e51a5d05fe12}"
EndProject
Project("{FAE04EC0-301F-11D3-BF4B-00C04F79EFBC}") = "Unity.Mathematics.Editor", "Unity.Mathematics.Editor.csproj", "{8b0ebe12-0e7e-2af8-263f-96685c877458}"
EndProject
Project("{FAE04EC0-301F-11D3-BF4B-00C04F79EFBC}") = "Unity.2D.Common.Editor", "Unity.2D.Common.Editor.csproj", "{e4689303-ec27-70ca-8965-651dd572e880}"
EndProject
Project("{FAE04EC0-301F-11D3-BF4B-00C04F79EFBC}") = "Unity.2D.Tilemap.Extras.Editor", "Unity.2D.Tilemap.Extras.Editor.csproj", "{51cf79c6-ced7-61c5-33df-93ff8d3cbfaf}"
EndProject
Project("{FAE04EC0-301F-11D3-BF4B-00C04F79EFBC}") = "Unity.InternalAPIEditorBridge.001", "Unity.InternalAPIEditorBridge.001.csproj", "{f0724b28-1612-87e8-b549-535143123c95}"
EndProject
Project("{FAE04EC0-301F-11D3-BF4B-00C04F79EFBC}") = "UnityEngine.UI", "UnityEngine.UI.Player.csproj", "{1e51bc87-b937-a406-6034-b2a45c4beda4}"
EndProject
Project("{FAE04EC0-301F-11D3-BF4B-00C04F79EFBC}") = "UnityEngine.TestRunner", "UnityEngine.TestRunner.Player.csproj", "{8e41cefc-cbd8-94c1-55d3-ec25fd345b1f}"
EndProject
Project("{FAE04EC0-301F-11D3-BF4B-00C04F79EFBC}") = "Unity.Mathematics", "Unity.Mathematics.Player.csproj", "{c2c21737-3b3b-e7a9-c8b7-a964e4cc3a4b}"
EndProject
Project("{FAE04EC0-301F-11D3-BF4B-00C04F79EFBC}") = "Unity.VisualScripting.State", "Unity.VisualScripting.State.Player.csproj", "{29a537be-8a4c-1e71-7e18-4c7201544db5}"
EndProject
Project("{FAE04EC0-301F-11D3-BF4B-00C04F79EFBC}") = "Unity.VisualScripting.Core", "Unity.VisualScripting.Core.Player.csproj", "{f56ad634-d0f0-46d8-f839-ab9399acd44e}"
EndProject
Project("{FAE04EC0-301F-11D3-BF4B-00C04F79EFBC}") = "Unity.VisualScripting.Flow", "Unity.VisualScripting.Flow.Player.csproj", "{d45aeb46-b450-ea33-64c1-d7fd4c7cb862}"
EndProject
Project("{FAE04EC0-301F-11D3-BF4B-00C04F79EFBC}") = "Unity.2D.Animation.Runtime", "Unity.2D.Animation.Runtime.Player.csproj", "{56d8ba99-2c76-bb5f-9ad7-b686537c12d0}"
EndProject
Project("{FAE04EC0-301F-11D3-BF4B-00C04F79EFBC}") = "Unity.TextMeshPro", "Unity.TextMeshPro.Player.csproj", "{936bf54a-91e5-33c3-719d-0034e27dacbf}"
EndProject
Project("{FAE04EC0-301F-11D3-BF4B-00C04F79EFBC}") = "Unity.Timeline", "Unity.Timeline.Player.csproj", "{f46ab13f-fa24-31a8-cb7c-577f19805837}"
EndProject
Project("{FAE04EC0-301F-11D3-BF4B-00C04F79EFBC}") = "Unity.2D.SpriteShape.Runtime", "Unity.2D.SpriteShape.Runtime.Player.csproj", "{5624483d-24bc-047f-4efb-16fc9a2f3c74}"
EndProject
Project("{FAE04EC0-301F-11D3-BF4B-00C04F79EFBC}") = "Unity.2D.Animation.Triangle.Runtime", "Unity.2D.Animation.Triangle.Runtime.Player.csproj", "{230dad54-fb2c-9419-58c2-174b2ebf3843}"
EndProject
Project("{FAE04EC0-301F-11D3-BF4B-00C04F79EFBC}") = "Assembly-CSharp", "Assembly-CSharp.Player.csproj", "{4564db17-cf16-cd34-6fd6-694fe207c2fc}"
EndProject
Project("{FAE04EC0-301F-11D3-BF4B-00C04F79EFBC}") = "Unity.2D.PixelPerfect", "Unity.2D.PixelPerfect.Player.csproj", "{468d3c59-de8a-2d6f-70ab-d59fa8ee2dc2}"
EndProject
Project("{FAE04EC0-301F-11D3-BF4B-00C04F79EFBC}") = "Unity.2D.IK.Runtime", "Unity.2D.IK.Runtime.Player.csproj", "{8b441dea-16f0-943f-562b-6d3b47edbe02}"
EndProject
Project("{FAE04EC0-301F-11D3-BF4B-00C04F79EFBC}") = "Unity.2D.Tilemap.Extras", "Unity.2D.Tilemap.Extras.Player.csproj", "{5bff15c7-ce1c-e14d-9df5-f40bccd6e02f}"
EndProject
Project("{FAE04EC0-301F-11D3-BF4B-00C04F79EFBC}") = "Assembly-CSharp-firstpass", "Assembly-CSharp-firstpass.Player.csproj", "{03abf900-2dae-9573-6e5c-1e480438efc1}"
EndProject
Project("{FAE04EC0-301F-11D3-BF4B-00C04F79EFBC}") = "Unity.2D.Common.Runtime", "Unity.2D.Common.Runtime.Player.csproj", "{eeef389e-cd92-2dbf-9660-879288c5d586}"
EndProject
Project("{FAE04EC0-301F-11D3-BF4B-00C04F79EFBC}") = "Unity.InternalAPIEngineBridge.001", "Unity.InternalAPIEngineBridge.001.Player.csproj", "{1049f269-b7ea-0438-9780-90e6a6261b87}"
EndProject
Project("{FAE04EC0-301F-11D3-BF4B-00C04F79EFBC}") = "Unity.2D.PixelPerfect.Tests", "Unity.2D.PixelPerfect.Tests.csproj", "{a5b82894-2346-aca3-4bc6-ee3169e5a49e}"
EndProject
Project("{FAE04EC0-301F-11D3-BF4B-00C04F79EFBC}") = "Unity.Mathematics.Tests", "Unity.Mathematics.Tests.csproj", "{19ad3431-070a-2aee-2470-348909a1dbd4}"
EndProject
Project("{FAE04EC0-301F-11D3-BF4B-00C04F79EFBC}") = "Unity.2D.Sprite.Package.EditorTests", "Unity.2D.Sprite.Package.EditorTests.csproj", "{77be891f-c9df-61af-bef0-79b6d6d2542e}"
EndProject
Project("{FAE04EC0-301F-11D3-BF4B-00C04F79EFBC}") = "Unity.PlasticSCM.EditorTests", "Unity.PlasticSCM.EditorTests.csproj", "{779c9427-d06c-65c4-4931-fe60889ec674}"
EndProject
Project("{FAE04EC0-301F-11D3-BF4B-00C04F79EFBC}") = "Unity.2D.SpriteShape.EditorTests", "Unity.2D.SpriteShape.EditorTests.csproj", "{cd8774dc-0f41-9990-8c70-26f33a3178d3}"
EndProject
Project("{FAE04EC0-301F-11D3-BF4B-00C04F79EFBC}") = "Unity.2D.Common.EditorTests", "Unity.2D.Common.EditorTests.csproj", "{8cd7ff9e-9d9a-52bd-20f9-d4163eb1a9f4}"
EndProject
Project("{FAE04EC0-301F-11D3-BF4B-00C04F79EFBC}") = "Unity.TextMeshPro.Editor.Tests", "Unity.TextMeshPro.Editor.Tests.csproj", "{3dab24f8-6186-0771-a71b-e9bd89ba5cce}"
EndProject
Project("{FAE04EC0-301F-11D3-BF4B-00C04F79EFBC}") = "DocCodeExamples", "DocCodeExamples.csproj", "{9bf92335-5761-5f4b-eb20-57569e800256}"
EndProject
Project("{FAE04EC0-301F-11D3-BF4B-00C04F79EFBC}") = "Unity.2D.Psdimporter.EditorTests", "Unity.2D.Psdimporter.EditorTests.csproj", "{36c309bc-c9c6-2b17-ed75-736be4f2901f}"
EndProject
Project("{FAE04EC0-301F-11D3-BF4B-00C04F79EFBC}") = "Unity.CollabProxy.EditorTests", "Unity.CollabProxy.EditorTests.csproj", "{a372d40d-6db5-225f-a433-880673115d26}"
EndProject
Project("{FAE04EC0-301F-11D3-BF4B-00C04F79EFBC}") = "Unity.2D.PixelPerfect.Editor.Tests", "Unity.2D.PixelPerfect.Editor.Tests.csproj", "{0e91e396-d377-0f65-d8d7-f5dcfcb0ddf9}"
EndProject
Project("{FAE04EC0-301F-11D3-BF4B-00C04F79EFBC}") = "UnityEngine.UI.Tests", "UnityEngine.UI.Tests.csproj", "{df6cacea-27fd-66c0-6174-1e1eb155bb50}"
EndProject
Project("{FAE04EC0-301F-11D3-BF4B-00C04F79EFBC}") = "Unity.2D.Animation.EditorTests", "Unity.2D.Animation.EditorTests.csproj", "{1f87953a-264a-d610-c077-05c11bdd93ab}"
EndProject
Project("{FAE04EC0-301F-11D3-BF4B-00C04F79EFBC}") = "Unity.Nuget.NewtonsoftJson.EditorTests", "Unity.Nuget.NewtonsoftJson.EditorTests.csproj", "{5b31206b-26fc-48dc-d0e7-0fa02f85a29d}"
EndProject
Project("{FAE04EC0-301F-11D3-BF4B-00C04F79EFBC}") = "Unity.TextMeshPro.Tests", "Unity.TextMeshPro.Tests.csproj", "{4f44c125-832a-e6e6-c0fa-e706bfe64116}"
EndProject
Project("{FAE04EC0-301F-11D3-BF4B-00C04F79EFBC}") = "UnityEditor.UI.EditorTests", "UnityEditor.UI.EditorTests.csproj", "{2b5efc71-c293-3a45-c37a-ee875a1832bc}"
EndProject
Project("{FAE04EC0-301F-11D3-BF4B-00C04F79EFBC}") = "Unity.2D.Tilemap.Package.EditorTests", "Unity.2D.Tilemap.Package.EditorTests.csproj", "{2aff79eb-0f64-a6fd-489a-183adee638c9}"
EndProject
Project("{FAE04EC0-301F-11D3-BF4B-00C04F79EFBC}") = "Unity.2D.Path.Tests", "Unity.2D.Path.Tests.csproj", "{1e24d83f-6086-947d-5aad-e9388ca8a41f}"
EndProject
Project("{FAE04EC0-301F-11D3-BF4B-00C04F79EFBC}") = "Unity.2D.Tilemap.Extras.Placeholder.EditorTests", "Unity.2D.Tilemap.Extras.Placeholder.EditorTests.csproj", "{0420a5bf-f58e-b915-d890-896d1b69ab8e}"
EndProject
Global
	GlobalSection(SolutionConfigurationPlatforms) = preSolution
		Debug|Any CPU = Debug|Any CPU
	EndGlobalSection
	GlobalSection(ProjectConfigurationPlatforms) = postSolution
		{9e751e6f-ce2b-b074-0c3d-aafb9dc254a8}.Debug|Any CPU.ActiveCfg = Debug|Any CPU
		{9e751e6f-ce2b-b074-0c3d-aafb9dc254a8}.Debug|Any CPU.Build.0 = Debug|Any CPU
		{a37e10e4-8b06-e6d6-1cd8-ed535c42ef0e}.Debug|Any CPU.ActiveCfg = Debug|Any CPU
		{a37e10e4-8b06-e6d6-1cd8-ed535c42ef0e}.Debug|Any CPU.Build.0 = Debug|Any CPU
		{0de6914c-8d15-4ba2-abac-b9fa58ba5a19}.Debug|Any CPU.ActiveCfg = Debug|Any CPU
		{0de6914c-8d15-4ba2-abac-b9fa58ba5a19}.Debug|Any CPU.Build.0 = Debug|Any CPU
		{ab501750-fb87-e16b-4a05-eaae66cfc011}.Debug|Any CPU.ActiveCfg = Debug|Any CPU
		{ab501750-fb87-e16b-4a05-eaae66cfc011}.Debug|Any CPU.Build.0 = Debug|Any CPU
		{dc7a5cac-6975-c038-72b9-e7249f67deab}.Debug|Any CPU.ActiveCfg = Debug|Any CPU
		{dc7a5cac-6975-c038-72b9-e7249f67deab}.Debug|Any CPU.Build.0 = Debug|Any CPU
		{c23a5d44-7dcf-51d8-dca9-a5aceef1f30f}.Debug|Any CPU.ActiveCfg = Debug|Any CPU
		{c23a5d44-7dcf-51d8-dca9-a5aceef1f30f}.Debug|Any CPU.Build.0 = Debug|Any CPU
		{0318343c-e958-086d-572f-47e6160d0b01}.Debug|Any CPU.ActiveCfg = Debug|Any CPU
		{0318343c-e958-086d-572f-47e6160d0b01}.Debug|Any CPU.Build.0 = Debug|Any CPU
		{6592c75d-c775-462b-8fd0-ae2671d57df9}.Debug|Any CPU.ActiveCfg = Debug|Any CPU
		{6592c75d-c775-462b-8fd0-ae2671d57df9}.Debug|Any CPU.Build.0 = Debug|Any CPU
		{35f57ddf-e2a4-fb67-cbbd-6c5eee357461}.Debug|Any CPU.ActiveCfg = Debug|Any CPU
		{35f57ddf-e2a4-fb67-cbbd-6c5eee357461}.Debug|Any CPU.Build.0 = Debug|Any CPU
		{5a5c9bcb-5c19-7466-32bf-86b0d6207104}.Debug|Any CPU.ActiveCfg = Debug|Any CPU
		{5a5c9bcb-5c19-7466-32bf-86b0d6207104}.Debug|Any CPU.Build.0 = Debug|Any CPU
		{59d8c26c-6235-db15-1bf1-affe82db6d70}.Debug|Any CPU.ActiveCfg = Debug|Any CPU
		{59d8c26c-6235-db15-1bf1-affe82db6d70}.Debug|Any CPU.Build.0 = Debug|Any CPU
		{4e8b9fde-effb-5028-502a-0f52f9417470}.Debug|Any CPU.ActiveCfg = Debug|Any CPU
		{4e8b9fde-effb-5028-502a-0f52f9417470}.Debug|Any CPU.Build.0 = Debug|Any CPU
		{bf705892-f4b0-9264-4a1e-650ee1211d86}.Debug|Any CPU.ActiveCfg = Debug|Any CPU
		{bf705892-f4b0-9264-4a1e-650ee1211d86}.Debug|Any CPU.Build.0 = Debug|Any CPU
		{b6f00cb2-b414-5184-c9f8-94bc07a43045}.Debug|Any CPU.ActiveCfg = Debug|Any CPU
		{b6f00cb2-b414-5184-c9f8-94bc07a43045}.Debug|Any CPU.Build.0 = Debug|Any CPU
		{aedc5a20-8c0a-6e4b-8b3e-c73aba8249cc}.Debug|Any CPU.ActiveCfg = Debug|Any CPU
		{aedc5a20-8c0a-6e4b-8b3e-c73aba8249cc}.Debug|Any CPU.Build.0 = Debug|Any CPU
		{a08e3f08-98d4-52ae-b217-048f6a35909f}.Debug|Any CPU.ActiveCfg = Debug|Any CPU
		{a08e3f08-98d4-52ae-b217-048f6a35909f}.Debug|Any CPU.Build.0 = Debug|Any CPU
		{814068c1-b6bd-7c84-8faf-db839885a87b}.Debug|Any CPU.ActiveCfg = Debug|Any CPU
		{814068c1-b6bd-7c84-8faf-db839885a87b}.Debug|Any CPU.Build.0 = Debug|Any CPU
		{5e0899cb-dbea-2bce-b160-155912fd61fd}.Debug|Any CPU.ActiveCfg = Debug|Any CPU
		{5e0899cb-dbea-2bce-b160-155912fd61fd}.Debug|Any CPU.Build.0 = Debug|Any CPU
		{b2e25055-ff7d-2c3c-3429-c6d639ef11af}.Debug|Any CPU.ActiveCfg = Debug|Any CPU
		{b2e25055-ff7d-2c3c-3429-c6d639ef11af}.Debug|Any CPU.Build.0 = Debug|Any CPU
		{7775080b-44f7-8a67-c24d-49d1c808f05d}.Debug|Any CPU.ActiveCfg = Debug|Any CPU
		{7775080b-44f7-8a67-c24d-49d1c808f05d}.Debug|Any CPU.Build.0 = Debug|Any CPU
		{203a94e9-2830-d0a4-585b-2660a054d1dc}.Debug|Any CPU.ActiveCfg = Debug|Any CPU
		{203a94e9-2830-d0a4-585b-2660a054d1dc}.Debug|Any CPU.Build.0 = Debug|Any CPU
		{da204a47-66ad-5fd1-a72f-0143eec22f9a}.Debug|Any CPU.ActiveCfg = Debug|Any CPU
		{da204a47-66ad-5fd1-a72f-0143eec22f9a}.Debug|Any CPU.Build.0 = Debug|Any CPU
		{33c865b7-fd9f-5fbc-7b35-ab24e9d2c7d1}.Debug|Any CPU.ActiveCfg = Debug|Any CPU
		{33c865b7-fd9f-5fbc-7b35-ab24e9d2c7d1}.Debug|Any CPU.Build.0 = Debug|Any CPU
		{7c104191-b27b-cc4c-461f-838ad0d5a69e}.Debug|Any CPU.ActiveCfg = Debug|Any CPU
		{7c104191-b27b-cc4c-461f-838ad0d5a69e}.Debug|Any CPU.Build.0 = Debug|Any CPU
		{848db17f-4941-2c17-a3d6-c6f492aa3897}.Debug|Any CPU.ActiveCfg = Debug|Any CPU
		{848db17f-4941-2c17-a3d6-c6f492aa3897}.Debug|Any CPU.Build.0 = Debug|Any CPU
		{cd04d827-a15a-342e-5f17-a54843f11ac3}.Debug|Any CPU.ActiveCfg = Debug|Any CPU
		{cd04d827-a15a-342e-5f17-a54843f11ac3}.Debug|Any CPU.Build.0 = Debug|Any CPU
		{a8f73f42-ad59-7e04-b022-d0058ae516e9}.Debug|Any CPU.ActiveCfg = Debug|Any CPU
		{a8f73f42-ad59-7e04-b022-d0058ae516e9}.Debug|Any CPU.Build.0 = Debug|Any CPU
		{02a1177d-2a21-a795-5246-3940e14594f0}.Debug|Any CPU.ActiveCfg = Debug|Any CPU
		{02a1177d-2a21-a795-5246-3940e14594f0}.Debug|Any CPU.Build.0 = Debug|Any CPU
		{4c50b670-93e0-f419-468a-1e945cb05e82}.Debug|Any CPU.ActiveCfg = Debug|Any CPU
		{4c50b670-93e0-f419-468a-1e945cb05e82}.Debug|Any CPU.Build.0 = Debug|Any CPU
		{4a80d672-984f-6a8d-939a-7a49ed2c2729}.Debug|Any CPU.ActiveCfg = Debug|Any CPU
		{4a80d672-984f-6a8d-939a-7a49ed2c2729}.Debug|Any CPU.Build.0 = Debug|Any CPU
		{8e9a519f-383f-8441-651b-04b994ebe1a1}.Debug|Any CPU.ActiveCfg = Debug|Any CPU
		{8e9a519f-383f-8441-651b-04b994ebe1a1}.Debug|Any CPU.Build.0 = Debug|Any CPU
		{763aa649-4f56-1687-875f-e006ebca1234}.Debug|Any CPU.ActiveCfg = Debug|Any CPU
		{763aa649-4f56-1687-875f-e006ebca1234}.Debug|Any CPU.Build.0 = Debug|Any CPU
		{92558eeb-06ab-24fd-1e0e-2fac114acbf2}.Debug|Any CPU.ActiveCfg = Debug|Any CPU
		{92558eeb-06ab-24fd-1e0e-2fac114acbf2}.Debug|Any CPU.Build.0 = Debug|Any CPU
		{3b91b5b3-f7af-3ee1-ed65-9d57a2021ea3}.Debug|Any CPU.ActiveCfg = Debug|Any CPU
		{3b91b5b3-f7af-3ee1-ed65-9d57a2021ea3}.Debug|Any CPU.Build.0 = Debug|Any CPU
		{6b710dd9-409a-afbf-baaf-41719d48b735}.Debug|Any CPU.ActiveCfg = Debug|Any CPU
		{6b710dd9-409a-afbf-baaf-41719d48b735}.Debug|Any CPU.Build.0 = Debug|Any CPU
		{ebaf6b4b-d71f-2540-2d78-6ca6a3cc9a3c}.Debug|Any CPU.ActiveCfg = Debug|Any CPU
		{ebaf6b4b-d71f-2540-2d78-6ca6a3cc9a3c}.Debug|Any CPU.Build.0 = Debug|Any CPU
		{5d5430e6-5fe0-c751-23d6-ae1d7e1ecd58}.Debug|Any CPU.ActiveCfg = Debug|Any CPU
		{5d5430e6-5fe0-c751-23d6-ae1d7e1ecd58}.Debug|Any CPU.Build.0 = Debug|Any CPU
		{1c6b81e0-fec1-f52e-3149-6b4c2bbae28a}.Debug|Any CPU.ActiveCfg = Debug|Any CPU
		{1c6b81e0-fec1-f52e-3149-6b4c2bbae28a}.Debug|Any CPU.Build.0 = Debug|Any CPU
		{fe87bda9-d4ea-f115-f423-c3a2d998dd4b}.Debug|Any CPU.ActiveCfg = Debug|Any CPU
		{fe87bda9-d4ea-f115-f423-c3a2d998dd4b}.Debug|Any CPU.Build.0 = Debug|Any CPU
		{9647610a-df24-8f05-1b9a-e51a5d05fe12}.Debug|Any CPU.ActiveCfg = Debug|Any CPU
		{9647610a-df24-8f05-1b9a-e51a5d05fe12}.Debug|Any CPU.Build.0 = Debug|Any CPU
		{8b0ebe12-0e7e-2af8-263f-96685c877458}.Debug|Any CPU.ActiveCfg = Debug|Any CPU
		{8b0ebe12-0e7e-2af8-263f-96685c877458}.Debug|Any CPU.Build.0 = Debug|Any CPU
		{e4689303-ec27-70ca-8965-651dd572e880}.Debug|Any CPU.ActiveCfg = Debug|Any CPU
		{e4689303-ec27-70ca-8965-651dd572e880}.Debug|Any CPU.Build.0 = Debug|Any CPU
		{51cf79c6-ced7-61c5-33df-93ff8d3cbfaf}.Debug|Any CPU.ActiveCfg = Debug|Any CPU
		{51cf79c6-ced7-61c5-33df-93ff8d3cbfaf}.Debug|Any CPU.Build.0 = Debug|Any CPU
		{f0724b28-1612-87e8-b549-535143123c95}.Debug|Any CPU.ActiveCfg = Debug|Any CPU
		{f0724b28-1612-87e8-b549-535143123c95}.Debug|Any CPU.Build.0 = Debug|Any CPU
		{1e51bc87-b937-a406-6034-b2a45c4beda4}.Debug|Any CPU.ActiveCfg = Debug|Any CPU
		{1e51bc87-b937-a406-6034-b2a45c4beda4}.Debug|Any CPU.Build.0 = Debug|Any CPU
		{8e41cefc-cbd8-94c1-55d3-ec25fd345b1f}.Debug|Any CPU.ActiveCfg = Debug|Any CPU
		{8e41cefc-cbd8-94c1-55d3-ec25fd345b1f}.Debug|Any CPU.Build.0 = Debug|Any CPU
		{c2c21737-3b3b-e7a9-c8b7-a964e4cc3a4b}.Debug|Any CPU.ActiveCfg = Debug|Any CPU
		{c2c21737-3b3b-e7a9-c8b7-a964e4cc3a4b}.Debug|Any CPU.Build.0 = Debug|Any CPU
		{29a537be-8a4c-1e71-7e18-4c7201544db5}.Debug|Any CPU.ActiveCfg = Debug|Any CPU
		{29a537be-8a4c-1e71-7e18-4c7201544db5}.Debug|Any CPU.Build.0 = Debug|Any CPU
		{f56ad634-d0f0-46d8-f839-ab9399acd44e}.Debug|Any CPU.ActiveCfg = Debug|Any CPU
		{f56ad634-d0f0-46d8-f839-ab9399acd44e}.Debug|Any CPU.Build.0 = Debug|Any CPU
		{d45aeb46-b450-ea33-64c1-d7fd4c7cb862}.Debug|Any CPU.ActiveCfg = Debug|Any CPU
		{d45aeb46-b450-ea33-64c1-d7fd4c7cb862}.Debug|Any CPU.Build.0 = Debug|Any CPU
		{56d8ba99-2c76-bb5f-9ad7-b686537c12d0}.Debug|Any CPU.ActiveCfg = Debug|Any CPU
		{56d8ba99-2c76-bb5f-9ad7-b686537c12d0}.Debug|Any CPU.Build.0 = Debug|Any CPU
		{936bf54a-91e5-33c3-719d-0034e27dacbf}.Debug|Any CPU.ActiveCfg = Debug|Any CPU
		{936bf54a-91e5-33c3-719d-0034e27dacbf}.Debug|Any CPU.Build.0 = Debug|Any CPU
		{f46ab13f-fa24-31a8-cb7c-577f19805837}.Debug|Any CPU.ActiveCfg = Debug|Any CPU
		{f46ab13f-fa24-31a8-cb7c-577f19805837}.Debug|Any CPU.Build.0 = Debug|Any CPU
		{5624483d-24bc-047f-4efb-16fc9a2f3c74}.Debug|Any CPU.ActiveCfg = Debug|Any CPU
		{5624483d-24bc-047f-4efb-16fc9a2f3c74}.Debug|Any CPU.Build.0 = Debug|Any CPU
		{230dad54-fb2c-9419-58c2-174b2ebf3843}.Debug|Any CPU.ActiveCfg = Debug|Any CPU
		{230dad54-fb2c-9419-58c2-174b2ebf3843}.Debug|Any CPU.Build.0 = Debug|Any CPU
		{4564db17-cf16-cd34-6fd6-694fe207c2fc}.Debug|Any CPU.ActiveCfg = Debug|Any CPU
		{4564db17-cf16-cd34-6fd6-694fe207c2fc}.Debug|Any CPU.Build.0 = Debug|Any CPU
		{468d3c59-de8a-2d6f-70ab-d59fa8ee2dc2}.Debug|Any CPU.ActiveCfg = Debug|Any CPU
		{468d3c59-de8a-2d6f-70ab-d59fa8ee2dc2}.Debug|Any CPU.Build.0 = Debug|Any CPU
		{8b441dea-16f0-943f-562b-6d3b47edbe02}.Debug|Any CPU.ActiveCfg = Debug|Any CPU
		{8b441dea-16f0-943f-562b-6d3b47edbe02}.Debug|Any CPU.Build.0 = Debug|Any CPU
		{5bff15c7-ce1c-e14d-9df5-f40bccd6e02f}.Debug|Any CPU.ActiveCfg = Debug|Any CPU
		{5bff15c7-ce1c-e14d-9df5-f40bccd6e02f}.Debug|Any CPU.Build.0 = Debug|Any CPU
		{03abf900-2dae-9573-6e5c-1e480438efc1}.Debug|Any CPU.ActiveCfg = Debug|Any CPU
		{03abf900-2dae-9573-6e5c-1e480438efc1}.Debug|Any CPU.Build.0 = Debug|Any CPU
		{eeef389e-cd92-2dbf-9660-879288c5d586}.Debug|Any CPU.ActiveCfg = Debug|Any CPU
		{eeef389e-cd92-2dbf-9660-879288c5d586}.Debug|Any CPU.Build.0 = Debug|Any CPU
		{1049f269-b7ea-0438-9780-90e6a6261b87}.Debug|Any CPU.ActiveCfg = Debug|Any CPU
		{1049f269-b7ea-0438-9780-90e6a6261b87}.Debug|Any CPU.Build.0 = Debug|Any CPU
		{a5b82894-2346-aca3-4bc6-ee3169e5a49e}.Debug|Any CPU.ActiveCfg = Debug|Any CPU
		{a5b82894-2346-aca3-4bc6-ee3169e5a49e}.Debug|Any CPU.Build.0 = Debug|Any CPU
		{19ad3431-070a-2aee-2470-348909a1dbd4}.Debug|Any CPU.ActiveCfg = Debug|Any CPU
		{19ad3431-070a-2aee-2470-348909a1dbd4}.Debug|Any CPU.Build.0 = Debug|Any CPU
		{77be891f-c9df-61af-bef0-79b6d6d2542e}.Debug|Any CPU.ActiveCfg = Debug|Any CPU
		{77be891f-c9df-61af-bef0-79b6d6d2542e}.Debug|Any CPU.Build.0 = Debug|Any CPU
		{779c9427-d06c-65c4-4931-fe60889ec674}.Debug|Any CPU.ActiveCfg = Debug|Any CPU
		{779c9427-d06c-65c4-4931-fe60889ec674}.Debug|Any CPU.Build.0 = Debug|Any CPU
		{cd8774dc-0f41-9990-8c70-26f33a3178d3}.Debug|Any CPU.ActiveCfg = Debug|Any CPU
		{cd8774dc-0f41-9990-8c70-26f33a3178d3}.Debug|Any CPU.Build.0 = Debug|Any CPU
		{8cd7ff9e-9d9a-52bd-20f9-d4163eb1a9f4}.Debug|Any CPU.ActiveCfg = Debug|Any CPU
		{8cd7ff9e-9d9a-52bd-20f9-d4163eb1a9f4}.Debug|Any CPU.Build.0 = Debug|Any CPU
		{3dab24f8-6186-0771-a71b-e9bd89ba5cce}.Debug|Any CPU.ActiveCfg = Debug|Any CPU
		{3dab24f8-6186-0771-a71b-e9bd89ba5cce}.Debug|Any CPU.Build.0 = Debug|Any CPU
		{9bf92335-5761-5f4b-eb20-57569e800256}.Debug|Any CPU.ActiveCfg = Debug|Any CPU
		{9bf92335-5761-5f4b-eb20-57569e800256}.Debug|Any CPU.Build.0 = Debug|Any CPU
		{36c309bc-c9c6-2b17-ed75-736be4f2901f}.Debug|Any CPU.ActiveCfg = Debug|Any CPU
		{36c309bc-c9c6-2b17-ed75-736be4f2901f}.Debug|Any CPU.Build.0 = Debug|Any CPU
		{a372d40d-6db5-225f-a433-880673115d26}.Debug|Any CPU.ActiveCfg = Debug|Any CPU
		{a372d40d-6db5-225f-a433-880673115d26}.Debug|Any CPU.Build.0 = Debug|Any CPU
		{0e91e396-d377-0f65-d8d7-f5dcfcb0ddf9}.Debug|Any CPU.ActiveCfg = Debug|Any CPU
		{0e91e396-d377-0f65-d8d7-f5dcfcb0ddf9}.Debug|Any CPU.Build.0 = Debug|Any CPU
		{df6cacea-27fd-66c0-6174-1e1eb155bb50}.Debug|Any CPU.ActiveCfg = Debug|Any CPU
		{df6cacea-27fd-66c0-6174-1e1eb155bb50}.Debug|Any CPU.Build.0 = Debug|Any CPU
		{1f87953a-264a-d610-c077-05c11bdd93ab}.Debug|Any CPU.ActiveCfg = Debug|Any CPU
		{1f87953a-264a-d610-c077-05c11bdd93ab}.Debug|Any CPU.Build.0 = Debug|Any CPU
		{5b31206b-26fc-48dc-d0e7-0fa02f85a29d}.Debug|Any CPU.ActiveCfg = Debug|Any CPU
		{5b31206b-26fc-48dc-d0e7-0fa02f85a29d}.Debug|Any CPU.Build.0 = Debug|Any CPU
		{4f44c125-832a-e6e6-c0fa-e706bfe64116}.Debug|Any CPU.ActiveCfg = Debug|Any CPU
		{4f44c125-832a-e6e6-c0fa-e706bfe64116}.Debug|Any CPU.Build.0 = Debug|Any CPU
		{2b5efc71-c293-3a45-c37a-ee875a1832bc}.Debug|Any CPU.ActiveCfg = Debug|Any CPU
		{2b5efc71-c293-3a45-c37a-ee875a1832bc}.Debug|Any CPU.Build.0 = Debug|Any CPU
		{2aff79eb-0f64-a6fd-489a-183adee638c9}.Debug|Any CPU.ActiveCfg = Debug|Any CPU
		{2aff79eb-0f64-a6fd-489a-183adee638c9}.Debug|Any CPU.Build.0 = Debug|Any CPU
		{1e24d83f-6086-947d-5aad-e9388ca8a41f}.Debug|Any CPU.ActiveCfg = Debug|Any CPU
		{1e24d83f-6086-947d-5aad-e9388ca8a41f}.Debug|Any CPU.Build.0 = Debug|Any CPU
		{0420a5bf-f58e-b915-d890-896d1b69ab8e}.Debug|Any CPU.ActiveCfg = Debug|Any CPU
		{0420a5bf-f58e-b915-d890-896d1b69ab8e}.Debug|Any CPU.Build.0 = Debug|Any CPU
	EndGlobalSection
	GlobalSection(SolutionProperties) = preSolution
		HideSolutionNode = FALSE
	EndGlobalSection
EndGlobal
